
Microsoft Visual Studio Solution File, Format Version 12.00
# Visual Studio 15
Project("{FAE04EC0-301F-11D3-BF4B-00C04F79EFBC}") = "AstarPathfindingProject", "AstarPathfindingProject.csproj", "{8E16E4C1-75A1-87CB-98DA-9435DA9B380E}"
EndProject
Project("{FAE04EC0-301F-11D3-BF4B-00C04F79EFBC}") = "Assembly-CSharp", "Assembly-CSharp.csproj", "{AE03E1C8-C30D-AC74-AFAF-838CAC4EF44A}"
EndProject
Project("{FAE04EC0-301F-11D3-BF4B-00C04F79EFBC}") = "PackageToolsEditor", "PackageToolsEditor.csproj", "{E1E106BA-DF4F-5C08-F386-C9680DB25664}"
EndProject
Project("{FAE04EC0-301F-11D3-BF4B-00C04F79EFBC}") = "AstarPathfindingProjectEditor", "AstarPathfindingProjectEditor.csproj", "{35A68FB9-329E-D044-8578-9125509E7470}"
EndProject
Project("{FAE04EC0-301F-11D3-BF4B-00C04F79EFBC}") = "Assembly-CSharp-Editor", "Assembly-CSharp-Editor.csproj", "{D6CC78BA-F819-97A9-15E4-3B8E56FBF667}"
EndProject
Global
	GlobalSection(SolutionConfigurationPlatforms) = preSolution
		Debug|Any CPU = Debug|Any CPU
		Release|Any CPU = Release|Any CPU
	EndGlobalSection
	GlobalSection(ProjectConfigurationPlatforms) = postSolution
		{8E16E4C1-75A1-87CB-98DA-9435DA9B380E}.Debug|Any CPU.ActiveCfg = Debug|Any CPU
		{8E16E4C1-75A1-87CB-98DA-9435DA9B380E}.Debug|Any CPU.Build.0 = Debug|Any CPU
		{8E16E4C1-75A1-87CB-98DA-9435DA9B380E}.Release|Any CPU.ActiveCfg = Release|Any CPU
		{8E16E4C1-75A1-87CB-98DA-9435DA9B380E}.Release|Any CPU.Build.0 = Release|Any CPU
		{AE03E1C8-C30D-AC74-AFAF-838CAC4EF44A}.Debug|Any CPU.ActiveCfg = Debug|Any CPU
		{AE03E1C8-C30D-AC74-AFAF-838CAC4EF44A}.Debug|Any CPU.Build.0 = Debug|Any CPU
		{AE03E1C8-C30D-AC74-AFAF-838CAC4EF44A}.Release|Any CPU.ActiveCfg = Release|Any CPU
		{AE03E1C8-C30D-AC74-AFAF-838CAC4EF44A}.Release|Any CPU.Build.0 = Release|Any CPU
		{E1E106BA-DF4F-5C08-F386-C9680DB25664}.Debug|Any CPU.ActiveCfg = Debug|Any CPU
		{E1E106BA-DF4F-5C08-F386-C9680DB25664}.Debug|Any CPU.Build.0 = Debug|Any CPU
		{E1E106BA-DF4F-5C08-F386-C9680DB25664}.Release|Any CPU.ActiveCfg = Release|Any CPU
		{E1E106BA-DF4F-5C08-F386-C9680DB25664}.Release|Any CPU.Build.0 = Release|Any CPU
		{35A68FB9-329E-D044-8578-9125509E7470}.Debug|Any CPU.ActiveCfg = Debug|Any CPU
		{35A68FB9-329E-D044-8578-9125509E7470}.Debug|Any CPU.Build.0 = Debug|Any CPU
		{35A68FB9-329E-D044-8578-9125509E7470}.Release|Any CPU.ActiveCfg = Release|Any CPU
		{35A68FB9-329E-D044-8578-9125509E7470}.Release|Any CPU.Build.0 = Release|Any CPU
		{D6CC78BA-F819-97A9-15E4-3B8E56FBF667}.Debug|Any CPU.ActiveCfg = Debug|Any CPU
		{D6CC78BA-F819-97A9-15E4-3B8E56FBF667}.Debug|Any CPU.Build.0 = Debug|Any CPU
		{D6CC78BA-F819-97A9-15E4-3B8E56FBF667}.Release|Any CPU.ActiveCfg = Release|Any CPU
		{D6CC78BA-F819-97A9-15E4-3B8E56FBF667}.Release|Any CPU.Build.0 = Release|Any CPU
	EndGlobalSection
	GlobalSection(SolutionProperties) = preSolution
		HideSolutionNode = FALSE
	EndGlobalSection
EndGlobal
