
Microsoft Visual Studio Solution File, Format Version 12.00
# Visual Studio Version 16
VisualStudioVersion = 16.0.32126.315
MinimumVisualStudioVersion = 10.0.40219.1
Project("{FAE04EC0-301F-11D3-BF4B-00C04F79EFBC}") = "AstarPathfindingProject", "AstarPathfindingProject.csproj", "{64C9665F-E4D0-946A-FE77-6C540D335873}"
EndProject
Project("{FAE04EC0-301F-11D3-BF4B-00C04F79EFBC}") = "UnityEngine.UI", "UnityEngine.UI.csproj", "{A0311541-A860-B43C-3783-5687F2E514FA}"
EndProject
Project("{FAE04EC0-301F-11D3-BF4B-00C04F79EFBC}") = "Assembly-CSharp", "Assembly-CSharp.csproj", "{E067D099-15B3-8AD4-ACC1-90478C6EC372}"
EndProject
Project("{FAE04EC0-301F-11D3-BF4B-00C04F79EFBC}") = "UnityEditor.UI", "UnityEditor.UI.csproj", "{5D0F418B-801D-7CF0-3FA9-6F60DBAB8DED}"
EndProject
Project("{FAE04EC0-301F-11D3-BF4B-00C04F79EFBC}") = "PackageToolsEditor", "PackageToolsEditor.csproj", "{9C0112B3-8A7B-84FD-E870-F8923BB7283D}"
EndProject
Project("{FAE04EC0-301F-11D3-BF4B-00C04F79EFBC}") = "Unity.2D.Sprite.Editor", "Unity.2D.Sprite.Editor.csproj", "{156C5818-93B2-9980-3C89-F4F8C3D53160}"
EndProject
Project("{FAE04EC0-301F-11D3-BF4B-00C04F79EFBC}") = "Unity.2D.Tilemap.Editor", "Unity.2D.Tilemap.Editor.csproj", "{05DCE273-7E00-600E-DF7D-583FAC224119}"
EndProject
Project("{FAE04EC0-301F-11D3-BF4B-00C04F79EFBC}") = "AstarPathfindingProjectEditor", "AstarPathfindingProjectEditor.csproj", "{2D7EEF10-9697-A18A-E6CC-1B45ECF2A812}"
EndProject
Project("{FAE04EC0-301F-11D3-BF4B-00C04F79EFBC}") = "Assembly-CSharp-Editor", "Assembly-CSharp-Editor.csproj", "{CB88AB8B-CD79-63F8-05B2-0CDBEA954F41}"
EndProject
Global
	GlobalSection(SolutionConfigurationPlatforms) = preSolution
		Debug|Any CPU = Debug|Any CPU
		Release|Any CPU = Release|Any CPU
	EndGlobalSection
	GlobalSection(ProjectConfigurationPlatforms) = postSolution
		{64C9665F-E4D0-946A-FE77-6C540D335873}.Debug|Any CPU.ActiveCfg = Debug|Any CPU
		{64C9665F-E4D0-946A-FE77-6C540D335873}.Debug|Any CPU.Build.0 = Debug|Any CPU
		{64C9665F-E4D0-946A-FE77-6C540D335873}.Release|Any CPU.ActiveCfg = Release|Any CPU
		{64C9665F-E4D0-946A-FE77-6C540D335873}.Release|Any CPU.Build.0 = Release|Any CPU
		{A0311541-A860-B43C-3783-5687F2E514FA}.Debug|Any CPU.ActiveCfg = Debug|Any CPU
		{A0311541-A860-B43C-3783-5687F2E514FA}.Debug|Any CPU.Build.0 = Debug|Any CPU
		{A0311541-A860-B43C-3783-5687F2E514FA}.Release|Any CPU.ActiveCfg = Release|Any CPU
		{A0311541-A860-B43C-3783-5687F2E514FA}.Release|Any CPU.Build.0 = Release|Any CPU
		{E067D099-15B3-8AD4-ACC1-90478C6EC372}.Debug|Any CPU.ActiveCfg = Debug|Any CPU
		{E067D099-15B3-8AD4-ACC1-90478C6EC372}.Debug|Any CPU.Build.0 = Debug|Any CPU
		{E067D099-15B3-8AD4-ACC1-90478C6EC372}.Release|Any CPU.ActiveCfg = Release|Any CPU
		{E067D099-15B3-8AD4-ACC1-90478C6EC372}.Release|Any CPU.Build.0 = Release|Any CPU
		{5D0F418B-801D-7CF0-3FA9-6F60DBAB8DED}.Debug|Any CPU.ActiveCfg = Debug|Any CPU
		{5D0F418B-801D-7CF0-3FA9-6F60DBAB8DED}.Debug|Any CPU.Build.0 = Debug|Any CPU
		{5D0F418B-801D-7CF0-3FA9-6F60DBAB8DED}.Release|Any CPU.ActiveCfg = Release|Any CPU
		{5D0F418B-801D-7CF0-3FA9-6F60DBAB8DED}.Release|Any CPU.Build.0 = Release|Any CPU
		{9C0112B3-8A7B-84FD-E870-F8923BB7283D}.Debug|Any CPU.ActiveCfg = Debug|Any CPU
		{9C0112B3-8A7B-84FD-E870-F8923BB7283D}.Debug|Any CPU.Build.0 = Debug|Any CPU
		{9C0112B3-8A7B-84FD-E870-F8923BB7283D}.Release|Any CPU.ActiveCfg = Release|Any CPU
		{9C0112B3-8A7B-84FD-E870-F8923BB7283D}.Release|Any CPU.Build.0 = Release|Any CPU
		{156C5818-93B2-9980-3C89-F4F8C3D53160}.Debug|Any CPU.ActiveCfg = Debug|Any CPU
		{156C5818-93B2-9980-3C89-F4F8C3D53160}.Debug|Any CPU.Build.0 = Debug|Any CPU
		{156C5818-93B2-9980-3C89-F4F8C3D53160}.Release|Any CPU.ActiveCfg = Release|Any CPU
		{156C5818-93B2-9980-3C89-F4F8C3D53160}.Release|Any CPU.Build.0 = Release|Any CPU
		{05DCE273-7E00-600E-DF7D-583FAC224119}.Debug|Any CPU.ActiveCfg = Debug|Any CPU
		{05DCE273-7E00-600E-DF7D-583FAC224119}.Debug|Any CPU.Build.0 = Debug|Any CPU
		{05DCE273-7E00-600E-DF7D-583FAC224119}.Release|Any CPU.ActiveCfg = Release|Any CPU
		{05DCE273-7E00-600E-DF7D-583FAC224119}.Release|Any CPU.Build.0 = Release|Any CPU
		{2D7EEF10-9697-A18A-E6CC-1B45ECF2A812}.Debug|Any CPU.ActiveCfg = Debug|Any CPU
		{2D7EEF10-9697-A18A-E6CC-1B45ECF2A812}.Debug|Any CPU.Build.0 = Debug|Any CPU
		{2D7EEF10-9697-A18A-E6CC-1B45ECF2A812}.Release|Any CPU.ActiveCfg = Release|Any CPU
		{2D7EEF10-9697-A18A-E6CC-1B45ECF2A812}.Release|Any CPU.Build.0 = Release|Any CPU
		{CB88AB8B-CD79-63F8-05B2-0CDBEA954F41}.Debug|Any CPU.ActiveCfg = Debug|Any CPU
		{CB88AB8B-CD79-63F8-05B2-0CDBEA954F41}.Debug|Any CPU.Build.0 = Debug|Any CPU
		{CB88AB8B-CD79-63F8-05B2-0CDBEA954F41}.Release|Any CPU.ActiveCfg = Release|Any CPU
		{CB88AB8B-CD79-63F8-05B2-0CDBEA954F41}.Release|Any CPU.Build.0 = Release|Any CPU
	EndGlobalSection
	GlobalSection(SolutionProperties) = preSolution
		HideSolutionNode = FALSE
	EndGlobalSection
	GlobalSection(ExtensibilityGlobals) = postSolution
		SolutionGuid = {D6C0581D-098C-4EDC-A488-2BB704D9CE37}
	EndGlobalSection
EndGlobal
